
Microsoft Visual Studio Solution File, Format Version 12.00
# Visual Studio Version 16
VisualStudioVersion = 16.0.32901.82
MinimumVisualStudioVersion = 10.0.40219.1
Project("{9A19103F-16F7-4668-BE54-9A1E7A4F7556}") = "MicSer.Tenant", "MicSer.Tenant.csproj", "{8C041292-F7E3-4B5C-B766-9AEF579140EB}"
EndProject
Global
	GlobalSection(SolutionConfigurationPlatforms) = preSolution
		Debug|Any CPU = Debug|Any CPU
		Release|Any CPU = Release|Any CPU
	EndGlobalSection
	GlobalSection(ProjectConfigurationPlatforms) = postSolution
		{8C041292-F7E3-4B5C-B766-9AEF579140EB}.Debug|Any CPU.ActiveCfg = Debug|Any CPU
		{8C041292-F7E3-4B5C-B766-9AEF579140EB}.Debug|Any CPU.Build.0 = Debug|Any CPU
		{8C041292-F7E3-4B5C-B766-9AEF579140EB}.Release|Any CPU.ActiveCfg = Release|Any CPU
		{8C041292-F7E3-4B5C-B766-9AEF579140EB}.Release|Any CPU.Build.0 = Release|Any CPU
	EndGlobalSection
	GlobalSection(SolutionProperties) = preSolution
		HideSolutionNode = FALSE
	EndGlobalSection
	GlobalSection(ExtensibilityGlobals) = postSolution
		SolutionGuid = {EC80F0F2-2CE3-4B67-AF7A-4A1D9D7593DA}
	EndGlobalSection
EndGlobal
