
Microsoft Visual Studio Solution File, Format Version 12.00
# Visual Studio Version 17
VisualStudioVersion = 17.5.33424.131
MinimumVisualStudioVersion = 10.0.40219.1
Project("{9A19103F-16F7-4668-BE54-9A1E7A4F7556}") = "MicSer.Configuration", "BPA.AppConfiguration\MicSer.Configuration.csproj", "{F6B5C552-D357-4D60-932A-A11646304FF8}"
EndProject
Project("{9A19103F-16F7-4668-BE54-9A1E7A4F7556}") = "BPA.AppConfig.BusinessEntity", "BPA.AppConfig.BusinessEntity\BPA.AppConfig.BusinessEntity.csproj", "{0059AC08-01FF-416E-B98E-7F20AF3D4C4A}"
EndProject
Project("{9A19103F-16F7-4668-BE54-9A1E7A4F7556}") = "BPA.Utility", "BPA.Utility\BPA.Utility.csproj", "{D50D4FA4-3591-449E-95EB-81110B14BD01}"
EndProject
Project("{9A19103F-16F7-4668-BE54-9A1E7A4F7556}") = "BPA.AppConfig.BusinessLayer", "BPA.AppConfig.BusinessLayer\BPA.AppConfig.BusinessLayer.csproj", "{280FC825-4724-4749-9ED3-7BBBA85A8D00}"
EndProject
Project("{9A19103F-16F7-4668-BE54-9A1E7A4F7556}") = "BPA.AppConfig.ServiceContracts", "BPA.AppConfig.ServiceContracts\BPA.AppConfig.ServiceContracts.csproj", "{014E04C5-EBBF-4858-A2C7-0DA2F0622B7A}"
EndProject
Project("{9A19103F-16F7-4668-BE54-9A1E7A4F7556}") = "BPA.AppConfig.Datalayer", "BPA.AppConfig.Datalayer\BPA.AppConfig.Datalayer.csproj", "{AA4EF5CE-4907-43C8-B588-677BA30E62C9}"
EndProject
Global
	GlobalSection(SolutionConfigurationPlatforms) = preSolution
		Debug|Any CPU = Debug|Any CPU
		Release|Any CPU = Release|Any CPU
	EndGlobalSection
	GlobalSection(ProjectConfigurationPlatforms) = postSolution
		{F6B5C552-D357-4D60-932A-A11646304FF8}.Debug|Any CPU.ActiveCfg = Debug|Any CPU
		{F6B5C552-D357-4D60-932A-A11646304FF8}.Debug|Any CPU.Build.0 = Debug|Any CPU
		{F6B5C552-D357-4D60-932A-A11646304FF8}.Release|Any CPU.ActiveCfg = Release|Any CPU
		{F6B5C552-D357-4D60-932A-A11646304FF8}.Release|Any CPU.Build.0 = Release|Any CPU
		{0059AC08-01FF-416E-B98E-7F20AF3D4C4A}.Debug|Any CPU.ActiveCfg = Debug|Any CPU
		{0059AC08-01FF-416E-B98E-7F20AF3D4C4A}.Debug|Any CPU.Build.0 = Debug|Any CPU
		{0059AC08-01FF-416E-B98E-7F20AF3D4C4A}.Release|Any CPU.ActiveCfg = Release|Any CPU
		{0059AC08-01FF-416E-B98E-7F20AF3D4C4A}.Release|Any CPU.Build.0 = Release|Any CPU
		{D50D4FA4-3591-449E-95EB-81110B14BD01}.Debug|Any CPU.ActiveCfg = Debug|Any CPU
		{D50D4FA4-3591-449E-95EB-81110B14BD01}.Debug|Any CPU.Build.0 = Debug|Any CPU
		{D50D4FA4-3591-449E-95EB-81110B14BD01}.Release|Any CPU.ActiveCfg = Release|Any CPU
		{D50D4FA4-3591-449E-95EB-81110B14BD01}.Release|Any CPU.Build.0 = Release|Any CPU
		{280FC825-4724-4749-9ED3-7BBBA85A8D00}.Debug|Any CPU.ActiveCfg = Debug|Any CPU
		{280FC825-4724-4749-9ED3-7BBBA85A8D00}.Debug|Any CPU.Build.0 = Debug|Any CPU
		{280FC825-4724-4749-9ED3-7BBBA85A8D00}.Release|Any CPU.ActiveCfg = Release|Any CPU
		{280FC825-4724-4749-9ED3-7BBBA85A8D00}.Release|Any CPU.Build.0 = Release|Any CPU
		{014E04C5-EBBF-4858-A2C7-0DA2F0622B7A}.Debug|Any CPU.ActiveCfg = Debug|Any CPU
		{014E04C5-EBBF-4858-A2C7-0DA2F0622B7A}.Debug|Any CPU.Build.0 = Debug|Any CPU
		{014E04C5-EBBF-4858-A2C7-0DA2F0622B7A}.Release|Any CPU.ActiveCfg = Release|Any CPU
		{014E04C5-EBBF-4858-A2C7-0DA2F0622B7A}.Release|Any CPU.Build.0 = Release|Any CPU
		{AA4EF5CE-4907-43C8-B588-677BA30E62C9}.Debug|Any CPU.ActiveCfg = Debug|Any CPU
		{AA4EF5CE-4907-43C8-B588-677BA30E62C9}.Debug|Any CPU.Build.0 = Debug|Any CPU
		{AA4EF5CE-4907-43C8-B588-677BA30E62C9}.Release|Any CPU.ActiveCfg = Release|Any CPU
		{AA4EF5CE-4907-43C8-B588-677BA30E62C9}.Release|Any CPU.Build.0 = Release|Any CPU
	EndGlobalSection
	GlobalSection(SolutionProperties) = preSolution
		HideSolutionNode = FALSE
	EndGlobalSection
	GlobalSection(ExtensibilityGlobals) = postSolution
		SolutionGuid = {434681D0-E01F-4AEA-A554-3431E6FA47A7}
	EndGlobalSection
EndGlobal
